
Microsoft Visual Studio Solution File, Format Version 12.00
# Visual Studio Version 17
VisualStudioVersion = 17.3.32922.545
MinimumVisualStudioVersion = 10.0.40219.1
Project("{FAE04EC0-301F-11D3-BF4B-00C04F79EFBC}") = "DotNetWithAuth", "DotNetWithAuth.csproj", "{3B748D51-B84D-4EB7-AE93-A5C5122D0CAC}"
EndProject
Global
	GlobalSection(SolutionConfigurationPlatforms) = preSolution
		Debug|Any CPU = Debug|Any CPU
		Release|Any CPU = Release|Any CPU
	EndGlobalSection
	GlobalSection(ProjectConfigurationPlatforms) = postSolution
		{3B748D51-B84D-4EB7-AE93-A5C5122D0CAC}.Debug|Any CPU.ActiveCfg = Debug|Any CPU
		{3B748D51-B84D-4EB7-AE93-A5C5122D0CAC}.Debug|Any CPU.Build.0 = Debug|Any CPU
		{3B748D51-B84D-4EB7-AE93-A5C5122D0CAC}.Release|Any CPU.ActiveCfg = Release|Any CPU
		{3B748D51-B84D-4EB7-AE93-A5C5122D0CAC}.Release|Any CPU.Build.0 = Release|Any CPU
	EndGlobalSection
	GlobalSection(SolutionProperties) = preSolution
		HideSolutionNode = FALSE
	EndGlobalSection
	GlobalSection(ExtensibilityGlobals) = postSolution
		SolutionGuid = {BF806382-75D2-4255-B1CA-8EE94CC9B3B2}
	EndGlobalSection
EndGlobal
